
Microsoft Visual Studio Solution File, Format Version 12.00
# Visual Studio Version 17
VisualStudioVersion = 17.5.33414.496
MinimumVisualStudioVersion = 10.0.40219.1
Project("{FAE04EC0-301F-11D3-BF4B-00C04F79EFBC}") = "TugasPertemuan11", "TugasPertemuan11\TugasPertemuan11.csproj", "{68F50CC1-1D03-4F1D-A9DE-D0A7AEFEFE0E}"
EndProject
Global
	GlobalSection(SolutionConfigurationPlatforms) = preSolution
		Debug|Any CPU = Debug|Any CPU
		Release|Any CPU = Release|Any CPU
	EndGlobalSection
	GlobalSection(ProjectConfigurationPlatforms) = postSolution
		{68F50CC1-1D03-4F1D-A9DE-D0A7AEFEFE0E}.Debug|Any CPU.ActiveCfg = Debug|Any CPU
		{68F50CC1-1D03-4F1D-A9DE-D0A7AEFEFE0E}.Debug|Any CPU.Build.0 = Debug|Any CPU
		{68F50CC1-1D03-4F1D-A9DE-D0A7AEFEFE0E}.Release|Any CPU.ActiveCfg = Release|Any CPU
		{68F50CC1-1D03-4F1D-A9DE-D0A7AEFEFE0E}.Release|Any CPU.Build.0 = Release|Any CPU
	EndGlobalSection
	GlobalSection(SolutionProperties) = preSolution
		HideSolutionNode = FALSE
	EndGlobalSection
	GlobalSection(ExtensibilityGlobals) = postSolution
		SolutionGuid = {112C0F9E-4F62-4650-AA9C-D41D13DD5FFE}
	EndGlobalSection
EndGlobal
